// !$*UTF8*$!
{
	archiveVersion = 1;
	classes = {
	};
	objectVersion = 55;
	objects = {

/* Begin PBXBuildFile section */
		0A3144E826F4929900EEFEA0 /* MapPlottingApp.swift in Sources */ = {isa = PBXBuildFile; fileRef = 0A3144E726F4929900EEFEA0 /* MapPlottingApp.swift */; };
		0A3144EA26F4929900EEFEA0 /* ContentView.swift in Sources */ = {isa = PBXBuildFile; fileRef = 0A3144E926F4929900EEFEA0 /* ContentView.swift */; };
		0A3144EC26F4929900EEFEA0 /* Assets.xcassets in Resources */ = {isa = PBXBuildFile; fileRef = 0A3144EB26F4929900EEFEA0 /* Assets.xcassets */; };
		0A3144EF26F4929900EEFEA0 /* Preview Assets.xcassets in Resources */ = {isa = PBXBuildFile; fileRef = 0A3144EE26F4929900EEFEA0 /* Preview Assets.xcassets */; };
		0A3144F726F492C700EEFEA0 /* MapView.swift in Sources */ = {isa = PBXBuildFile; fileRef = 0A3144F626F492C700EEFEA0 /* MapView.swift */; };
		0A3144FB26F497DE00EEFEA0 /* Running.csv in Resources */ = {isa = PBXBuildFile; fileRef = 0A3144FA26F497DD00EEFEA0 /* Running.csv */; };
		0A31450126F4E84800EEFEA0 /* RouteManager.swift in Sources */ = {isa = PBXBuildFile; fileRef = 0A31450026F4E84800EEFEA0 /* RouteManager.swift */; };
/* End PBXBuildFile section */

/* Begin PBXFileReference section */
		0A3144E426F4929900EEFEA0 /* MapPlotting.app */ = {isa = PBXFileReference; explicitFileType = wrapper.application; includeInIndex = 0; path = MapPlotting.app; sourceTree = BUILT_PRODUCTS_DIR; };
		0A3144E726F4929900EEFEA0 /* MapPlottingApp.swift */ = {isa = PBXFileReference; lastKnownFileType = sourcecode.swift; path = MapPlottingApp.swift; sourceTree = "<group>"; };
		0A3144E926F4929900EEFEA0 /* ContentView.swift */ = {isa = PBXFileReference; lastKnownFileType = sourcecode.swift; path = ContentView.swift; sourceTree = "<group>"; };
		0A3144EB26F4929900EEFEA0 /* Assets.xcassets */ = {isa = PBXFileReference; lastKnownFileType = folder.assetcatalog; path = Assets.xcassets; sourceTree = "<group>"; };
		0A3144EE26F4929900EEFEA0 /* Preview Assets.xcassets */ = {isa = PBXFileReference; lastKnownFileType = folder.assetcatalog; path = "Preview Assets.xcassets"; sourceTree = "<group>"; };
		0A3144F626F492C700EEFEA0 /* MapView.swift */ = {isa = PBXFileReference; lastKnownFileType = sourcecode.swift; path = MapView.swift; sourceTree = "<group>"; };
		0A3144FA26F497DD00EEFEA0 /* Running.csv */ = {isa = PBXFileReference; fileEncoding = 4; lastKnownFileType = text; path = Running.csv; sourceTree = "<group>"; };
		0A31450026F4E84800EEFEA0 /* RouteManager.swift */ = {isa = PBXFileReference; lastKnownFileType = sourcecode.swift; path = RouteManager.swift; sourceTree = "<group>"; };
/* End PBXFileReference section */

/* Begin PBXFrameworksBuildPhase section */
		0A3144E126F4929900EEFEA0 /* Frameworks */ = {
			isa = PBXFrameworksBuildPhase;
			buildActionMask = 2147483647;
			files = (
			);
			runOnlyForDeploymentPostprocessing = 0;
		};
/* End PBXFrameworksBuildPhase section */

/* Begin PBXGroup section */
		0A3144DB26F4929900EEFEA0 = {
			isa = PBXGroup;
			children = (
				0A3144E626F4929900EEFEA0 /* MapPlotting */,
				0A3144E526F4929900EEFEA0 /* Products */,
			);
			sourceTree = "<group>";
		};
		0A3144E526F4929900EEFEA0 /* Products */ = {
			isa = PBXGroup;
			children = (
				0A3144E426F4929900EEFEA0 /* MapPlotting.app */,
			);
			name = Products;
			sourceTree = "<group>";
		};
		0A3144E626F4929900EEFEA0 /* MapPlotting */ = {
			isa = PBXGroup;
			children = (
				0A3144FD26F4E70800EEFEA0 /* Models */,
				0A3144FA26F497DD00EEFEA0 /* Running.csv */,
				0A3144F526F492A600EEFEA0 /* Views */,
				0A3144E726F4929900EEFEA0 /* MapPlottingApp.swift */,
				0A3144EB26F4929900EEFEA0 /* Assets.xcassets */,
				0A3144ED26F4929900EEFEA0 /* Preview Content */,
				0A31450026F4E84800EEFEA0 /* RouteManager.swift */,
			);
			path = MapPlotting;
			sourceTree = "<group>";
		};
		0A3144ED26F4929900EEFEA0 /* Preview Content */ = {
			isa = PBXGroup;
			children = (
				0A3144EE26F4929900EEFEA0 /* Preview Assets.xcassets */,
			);
			path = "Preview Content";
			sourceTree = "<group>";
		};
		0A3144F526F492A600EEFEA0 /* Views */ = {
			isa = PBXGroup;
			children = (
				0A3144E926F4929900EEFEA0 /* ContentView.swift */,
				0A3144F626F492C700EEFEA0 /* MapView.swift */,
			);
			path = Views;
			sourceTree = "<group>";
		};
		0A3144FD26F4E70800EEFEA0 /* Models */ = {
			isa = PBXGroup;
			children = (
			);
			path = Models;
			sourceTree = "<group>";
		};
/* End PBXGroup section */

/* Begin PBXNativeTarget section */
		0A3144E326F4929900EEFEA0 /* MapPlotting */ = {
			isa = PBXNativeTarget;
			buildConfigurationList = 0A3144F226F4929900EEFEA0 /* Build configuration list for PBXNativeTarget "MapPlotting" */;
			buildPhases = (
				0A3144E026F4929900EEFEA0 /* Sources */,
				0A3144E126F4929900EEFEA0 /* Frameworks */,
				0A3144E226F4929900EEFEA0 /* Resources */,
			);
			buildRules = (
			);
			dependencies = (
			);
			name = MapPlotting;
			productName = MapPlotting;
			productReference = 0A3144E426F4929900EEFEA0 /* MapPlotting.app */;
			productType = "com.apple.product-type.application";
		};
/* End PBXNativeTarget section */

/* Begin PBXProject section */
		0A3144DC26F4929900EEFEA0 /* Project object */ = {
			isa = PBXProject;
			attributes = {
				BuildIndependentTargetsInParallel = 1;
				LastSwiftUpdateCheck = 1300;
				LastUpgradeCheck = 1300;
				TargetAttributes = {
					0A3144E326F4929900EEFEA0 = {
						CreatedOnToolsVersion = 13.0;
					};
				};
			};
			buildConfigurationList = 0A3144DF26F4929900EEFEA0 /* Build configuration list for PBXProject "MapPlotting" */;
			compatibilityVersion = "Xcode 13.0";
			developmentRegion = en;
			hasScannedForEncodings = 0;
			knownRegions = (
				en,
				Base,
			);
			mainGroup = 0A3144DB26F4929900EEFEA0;
			productRefGroup = 0A3144E526F4929900EEFEA0 /* Products */;
			projectDirPath = "";
			projectRoot = "";
			targets = (
				0A3144E326F4929900EEFEA0 /* MapPlotting */,
			);
		};
/* End PBXProject section */

/* Begin PBXResourcesBuildPhase section */
		0A3144E226F4929900EEFEA0 /* Resources */ = {
			isa = PBXResourcesBuildPhase;
			buildActionMask = 2147483647;
			files = (
				0A3144EF26F4929900EEFEA0 /* Preview Assets.xcassets in Resources */,
				0A3144EC26F4929900EEFEA0 /* Assets.xcassets in Resources */,
				0A3144FB26F497DE00EEFEA0 /* Running.csv in Resources */,
			);
			runOnlyForDeploymentPostprocessing = 0;
		};
/* End PBXResourcesBuildPhase section */

/* Begin PBXSourcesBuildPhase section */
		0A3144E026F4929900EEFEA0 /* Sources */ = {
			isa = PBXSourcesBuildPhase;
			buildActionMask = 2147483647;
			files = (
				0A31450126F4E84800EEFEA0 /* RouteManager.swift in Sources */,
				0A3144EA26F4929900EEFEA0 /* ContentView.swift in Sources */,
				0A3144F726F492C700EEFEA0 /* MapView.swift in Sources */,
				0A3144E826F4929900EEFEA0 /* MapPlottingApp.swift in Sources */,
			);
			runOnlyForDeploymentPostprocessing = 0;
		};
/* End PBXSourcesBuildPhase section */

/* Begin XCBuildConfiguration section */
		0A3144F026F4929900EEFEA0 /* Debug */ = {
			isa = XCBuildConfiguration;
			buildSettings = {
				ALWAYS_SEARCH_USER_PATHS = NO;
				CLANG_ANALYZER_NONNULL = YES;
				CLANG_ANALYZER_NUMBER_OBJECT_CONVERSION = YES_AGGRESSIVE;
				CLANG_CXX_LANGUAGE_STANDARD = "gnu++17";
				CLANG_CXX_LIBRARY = "libc++";
				CLANG_ENABLE_MODULES = YES;
				CLANG_ENABLE_OBJC_ARC = YES;
				CLANG_ENABLE_OBJC_WEAK = YES;
				CLANG_WARN_BLOCK_CAPTURE_AUTORELEASING = YES;
				CLANG_WARN_BOOL_CONVERSION = YES;
				CLANG_WARN_COMMA = YES;
				CLANG_WARN_CONSTANT_CONVERSION = YES;
				CLANG_WARN_DEPRECATED_OBJC_IMPLEMENTATIONS = YES;
				CLANG_WARN_DIRECT_OBJC_ISA_USAGE = YES_ERROR;
				CLANG_WARN_DOCUMENTATION_COMMENTS = YES;
				CLANG_WARN_EMPTY_BODY = YES;
				CLANG_WARN_ENUM_CONVERSION = YES;
				CLANG_WARN_INFINITE_RECURSION = YES;
				CLANG_WARN_INT_CONVERSION = YES;
				CLANG_WARN_NON_LITERAL_NULL_CONVERSION = YES;
				CLANG_WARN_OBJC_IMPLICIT_RETAIN_SELF = YES;
				CLANG_WARN_OBJC_LITERAL_CONVERSION = YES;
				CLANG_WARN_OBJC_ROOT_CLASS = YES_ERROR;
				CLANG_WARN_QUOTED_INCLUDE_IN_FRAMEWORK_HEADER = YES;
				CLANG_WARN_RANGE_LOOP_ANALYSIS = YES;
				CLANG_WARN_STRICT_PROTOTYPES = YES;
				CLANG_WARN_SUSPICIOUS_MOVE = YES;
				CLANG_WARN_UNGUARDED_AVAILABILITY = YES_AGGRESSIVE;
				CLANG_WARN_UNREACHABLE_CODE = YES;
				CLANG_WARN__DUPLICATE_METHOD_MATCH = YES;
				COPY_PHASE_STRIP = NO;
				DEBUG_INFORMATION_FORMAT = dwarf;
				ENABLE_STRICT_OBJC_MSGSEND = YES;
				ENABLE_TESTABILITY = YES;
				GCC_C_LANGUAGE_STANDARD = gnu11;
				GCC_DYNAMIC_NO_PIC = NO;
				GCC_NO_COMMON_BLOCKS = YES;
				GCC_OPTIMIZATION_LEVEL = 0;
				GCC_PREPROCESSOR_DEFINITIONS = (
					"DEBUG=1",
					"$(inherited)",
				);
				GCC_WARN_64_TO_32_BIT_CONVERSION = YES;
				GCC_WARN_ABOUT_RETURN_TYPE = YES_ERROR;
				GCC_WARN_UNDECLARED_SELECTOR = YES;
				GCC_WARN_UNINITIALIZED_AUTOS = YES_AGGRESSIVE;
				GCC_WARN_UNUSED_FUNCTION = YES;
				GCC_WARN_UNUSED_VARIABLE = YES;
				IPHONEOS_DEPLOYMENT_TARGET = 15.0;
				MTL_ENABLE_DEBUG_INFO = INCLUDE_SOURCE;
				MTL_FAST_MATH = YES;
				ONLY_ACTIVE_ARCH = YES;
				SDKROOT = iphoneos;
				SWIFT_ACTIVE_COMPILATION_CONDITIONS = DEBUG;
				SWIFT_OPTIMIZATION_LEVEL = "-Onone";
			};
			name = Debug;
		};
		0A3144F126F4929900EEFEA0 /* Release */ = {
			isa = XCBuildConfiguration;
			buildSettings = {
				ALWAYS_SEARCH_USER_PATHS = NO;
				CLANG_ANALYZER_NONNULL = YES;
				CLANG_ANALYZER_NUMBER_OBJECT_CONVERSION = YES_AGGRESSIVE;
				CLANG_CXX_LANGUAGE_STANDARD = "gnu++17";
				CLANG_CXX_LIBRARY = "libc++";
				CLANG_ENABLE_MODULES = YES;
				CLANG_ENABLE_OBJC_ARC = YES;
				CLANG_ENABLE_OBJC_WEAK = YES;
				CLANG_WARN_BLOCK_CAPTURE_AUTORELEASING = YES;
				CLANG_WARN_BOOL_CONVERSION = YES;
				CLANG_WARN_COMMA = YES;
				CLANG_WARN_CONSTANT_CONVERSION = YES;
				CLANG_WARN_DEPRECATED_OBJC_IMPLEMENTATIONS = YES;
				CLANG_WARN_DIRECT_OBJC_ISA_USAGE = YES_ERROR;
				CLANG_WARN_DOCUMENTATION_COMMENTS = YES;
				CLANG_WARN_EMPTY_BODY = YES;
				CLANG_WARN_ENUM_CONVERSION = YES;
				CLANG_WARN_INFINITE_RECURSION = YES;
				CLANG_WARN_INT_CONVERSION = YES;
				CLANG_WARN_NON_LITERAL_NULL_CONVERSION = YES;
				CLANG_WARN_OBJC_IMPLICIT_RETAIN_SELF = YES;
				CLANG_WARN_OBJC_LITERAL_CONVERSION = YES;
				CLANG_WARN_OBJC_ROOT_CLASS = YES_ERROR;
				CLANG_WARN_QUOTED_INCLUDE_IN_FRAMEWORK_HEADER = YES;
				CLANG_WARN_RANGE_LOOP_ANALYSIS = YES;
				CLANG_WARN_STRICT_PROTOTYPES = YES;
				CLANG_WARN_SUSPICIOUS_MOVE = YES;
				CLANG_WARN_UNGUARDED_AVAILABILITY = YES_AGGRESSIVE;
				CLANG_WARN_UNREACHABLE_CODE = YES;
				CLANG_WARN__DUPLICATE_METHOD_MATCH = YES;
				COPY_PHASE_STRIP = NO;
				DEBUG_INFORMATION_FORMAT = "dwarf-with-dsym";
				ENABLE_NS_ASSERTIONS = NO;
				ENABLE_STRICT_OBJC_MSGSEND = YES;
				GCC_C_LANGUAGE_STANDARD = gnu11;
				GCC_NO_COMMON_BLOCKS = YES;
				GCC_WARN_64_TO_32_BIT_CONVERSION = YES;
				GCC_WARN_ABOUT_RETURN_TYPE = YES_ERROR;
				GCC_WARN_UNDECLARED_SELECTOR = YES;
				GCC_WARN_UNINITIALIZED_AUTOS = YES_AGGRESSIVE;
				GCC_WARN_UNUSED_FUNCTION = YES;
				GCC_WARN_UNUSED_VARIABLE = YES;
				IPHONEOS_DEPLOYMENT_TARGET = 15.0;
				MTL_ENABLE_DEBUG_INFO = NO;
				MTL_FAST_MATH = YES;
				SDKROOT = iphoneos;
				SWIFT_COMPILATION_MODE = wholemodule;
				SWIFT_OPTIMIZATION_LEVEL = "-O";
				VALIDATE_PRODUCT = YES;
			};
			name = Release;
		};
		0A3144F326F4929900EEFEA0 /* Debug */ = {
			isa = XCBuildConfiguration;
			buildSettings = {
				ASSETCATALOG_COMPILER_APPICON_NAME = AppIcon;
				ASSETCATALOG_COMPILER_GLOBAL_ACCENT_COLOR_NAME = AccentColor;
				CODE_SIGN_STYLE = Automatic;
				CURRENT_PROJECT_VERSION = 1;
				DEVELOPMENT_ASSET_PATHS = "\"MapPlotting/Preview Content\"";
				DEVELOPMENT_TEAM = F2NXL88V7B;
				ENABLE_PREVIEWS = YES;
				GENERATE_INFOPLIST_FILE = YES;
				INFOPLIST_KEY_UIApplicationSceneManifest_Generation = YES;
				INFOPLIST_KEY_UIApplicationSupportsIndirectInputEvents = YES;
				INFOPLIST_KEY_UILaunchScreen_Generation = YES;
				INFOPLIST_KEY_UISupportedInterfaceOrientations_iPad = "UIInterfaceOrientationPortrait UIInterfaceOrientationPortraitUpsideDown UIInterfaceOrientationLandscapeLeft UIInterfaceOrientationLandscapeRight";
				INFOPLIST_KEY_UISupportedInterfaceOrientations_iPhone = "UIInterfaceOrientationPortrait UIInterfaceOrientationLandscapeLeft UIInterfaceOrientationLandscapeRight";
				IPHONEOS_DEPLOYMENT_TARGET = 14.0;
				LD_RUNPATH_SEARCH_PATHS = (
					"$(inherited)",
					"@executable_path/Frameworks",
				);
				MARKETING_VERSION = 1.0;
				PRODUCT_BUNDLE_IDENTIFIER = niem94.MapPlotting;
				PRODUCT_NAME = "$(TARGET_NAME)";
				SWIFT_EMIT_LOC_STRINGS = YES;
				SWIFT_VERSION = 5.0;
				TARGETED_DEVICE_FAMILY = "1,2";
			};
			name = Debug;
		};
		0A3144F426F4929900EEFEA0 /* Release */ = {
			isa = XCBuildConfiguration;
			buildSettings = {
				ASSETCATALOG_COMPILER_APPICON_NAME = AppIcon;
				ASSETCATALOG_COMPILER_GLOBAL_ACCENT_COLOR_NAME = AccentColor;
				CODE_SIGN_STYLE = Automatic;
				CURRENT_PROJECT_VERSION = 1;
				DEVELOPMENT_ASSET_PATHS = "\"MapPlotting/Preview Content\"";
				DEVELOPMENT_TEAM = F2NXL88V7B;
				ENABLE_PREVIEWS = YES;
				GENERATE_INFOPLIST_FILE = YES;
				INFOPLIST_KEY_UIApplicationSceneManifest_Generation = YES;
				INFOPLIST_KEY_UIApplicationSupportsIndirectInputEvents = YES;
				INFOPLIST_KEY_UILaunchScreen_Generation = YES;
				INFOPLIST_KEY_UISupportedInterfaceOrientations_iPad = "UIInterfaceOrientationPortrait UIInterfaceOrientationPortraitUpsideDown UIInterfaceOrientationLandscapeLeft UIInterfaceOrientationLandscapeRight";
				INFOPLIST_KEY_UISupportedInterfaceOrientations_iPhone = "UIInterfaceOrientationPortrait UIInterfaceOrientationLandscapeLeft UIInterfaceOrientationLandscapeRight";
				IPHONEOS_DEPLOYMENT_TARGET = 14.0;
				LD_RUNPATH_SEARCH_PATHS = (
					"$(inherited)",
					"@executable_path/Frameworks",
				);
				MARKETING_VERSION = 1.0;
				PRODUCT_BUNDLE_IDENTIFIER = niem94.MapPlotting;
				PRODUCT_NAME = "$(TARGET_NAME)";
				SWIFT_EMIT_LOC_STRINGS = YES;
				SWIFT_VERSION = 5.0;
				TARGETED_DEVICE_FAMILY = "1,2";
			};
			name = Release;
		};
/* End XCBuildConfiguration section */

/* Begin XCConfigurationList section */
		0A3144DF26F4929900EEFEA0 /* Build configuration list for PBXProject "MapPlotting" */ = {
			isa = XCConfigurationList;
			buildConfigurations = (
				0A3144F026F4929900EEFEA0 /* Debug */,
				0A3144F126F4929900EEFEA0 /* Release */,
			);
			defaultConfigurationIsVisible = 0;
			defaultConfigurationName = Release;
		};
		0A3144F226F4929900EEFEA0 /* Build configuration list for PBXNativeTarget "MapPlotting" */ = {
			isa = XCConfigurationList;
			buildConfigurations = (
				0A3144F326F4929900EEFEA0 /* Debug */,
				0A3144F426F4929900EEFEA0 /* Release */,
			);
			defaultConfigurationIsVisible = 0;
			defaultConfigurationName = Release;
		};
/* End XCConfigurationList section */
	};
	rootObject = 0A3144DC26F4929900EEFEA0 /* Project object */;
}
